
Microsoft Visual Studio Solution File, Format Version 12.00
# Visual Studio Version 16
VisualStudioVersion = 16.0.30907.101
MinimumVisualStudioVersion = 10.0.40219.1
Project("{FAE04EC0-301F-11D3-BF4B-00C04F79EFBC}") = "MSSQL Managment", "MSSQL Managment.csproj", "{85A29F10-4B1C-41A2-8AAD-B0480A782AB0}"
EndProject
Project("{FAE04EC0-301F-11D3-BF4B-00C04F79EFBC}") = "MSSQL ManagmentUnitTests", "ProjektSemestralnyUnitTests\MSSQL ManagmentUnitTests.csproj", "{96593BB0-851A-4856-A802-6436BBF0B76C}"
EndProject
Global
	GlobalSection(SolutionConfigurationPlatforms) = preSolution
		Debug|Any CPU = Debug|Any CPU
		Release|Any CPU = Release|Any CPU
	EndGlobalSection
	GlobalSection(ProjectConfigurationPlatforms) = postSolution
		{85A29F10-4B1C-41A2-8AAD-B0480A782AB0}.Debug|Any CPU.ActiveCfg = Debug|Any CPU
		{85A29F10-4B1C-41A2-8AAD-B0480A782AB0}.Debug|Any CPU.Build.0 = Debug|Any CPU
		{85A29F10-4B1C-41A2-8AAD-B0480A782AB0}.Release|Any CPU.ActiveCfg = Release|Any CPU
		{85A29F10-4B1C-41A2-8AAD-B0480A782AB0}.Release|Any CPU.Build.0 = Release|Any CPU
		{96593BB0-851A-4856-A802-6436BBF0B76C}.Debug|Any CPU.ActiveCfg = Debug|Any CPU
		{96593BB0-851A-4856-A802-6436BBF0B76C}.Debug|Any CPU.Build.0 = Debug|Any CPU
		{96593BB0-851A-4856-A802-6436BBF0B76C}.Release|Any CPU.ActiveCfg = Release|Any CPU
		{96593BB0-851A-4856-A802-6436BBF0B76C}.Release|Any CPU.Build.0 = Release|Any CPU
	EndGlobalSection
	GlobalSection(SolutionProperties) = preSolution
		HideSolutionNode = FALSE
	EndGlobalSection
	GlobalSection(ExtensibilityGlobals) = postSolution
		SolutionGuid = {D0C37534-74F6-4F86-8E10-E6B70A187231}
	EndGlobalSection
EndGlobal
